// !$*UTF8*$!
{
	archiveVersion = 1;
	classes = {
	};
	objectVersion = 55;
	objects = {

/* Begin PBXBuildFile section */
		81DF2EE25A49647B7D26FC0E /* Pods_iOSRxSwift.framework in Frameworks */ = {isa = PBXBuildFile; fileRef = B8DE8166E3E8C06973A9D031 /* Pods_iOSRxSwift.framework */; };
		872899782910F17400897C06 /* LoginViewModel.swift in Sources */ = {isa = PBXBuildFile; fileRef = 872899772910F17400897C06 /* LoginViewModel.swift */; };
		87C0F0AE2910DE4100486F78 /* AppDelegate.swift in Sources */ = {isa = PBXBuildFile; fileRef = 87C0F0AD2910DE4100486F78 /* AppDelegate.swift */; };
		87C0F0B02910DE4100486F78 /* SceneDelegate.swift in Sources */ = {isa = PBXBuildFile; fileRef = 87C0F0AF2910DE4100486F78 /* SceneDelegate.swift */; };
		87C0F0B22910DE4100486F78 /* LoginViewController.swift in Sources */ = {isa = PBXBuildFile; fileRef = 87C0F0B12910DE4100486F78 /* LoginViewController.swift */; };
		87C0F0B52910DE4100486F78 /* Main.storyboard in Resources */ = {isa = PBXBuildFile; fileRef = 87C0F0B32910DE4100486F78 /* Main.storyboard */; };
		87C0F0B72910DE4200486F78 /* Assets.xcassets in Resources */ = {isa = PBXBuildFile; fileRef = 87C0F0B62910DE4200486F78 /* Assets.xcassets */; };
		87C0F0BA2910DE4200486F78 /* LaunchScreen.storyboard in Resources */ = {isa = PBXBuildFile; fileRef = 87C0F0B82910DE4200486F78 /* LaunchScreen.storyboard */; };
/* End PBXBuildFile section */

/* Begin PBXFileReference section */
		872899772910F17400897C06 /* LoginViewModel.swift */ = {isa = PBXFileReference; lastKnownFileType = sourcecode.swift; path = LoginViewModel.swift; sourceTree = "<group>"; };
		87C0F0AA2910DE4100486F78 /* iOSRxSwift.app */ = {isa = PBXFileReference; explicitFileType = wrapper.application; includeInIndex = 0; path = iOSRxSwift.app; sourceTree = BUILT_PRODUCTS_DIR; };
		87C0F0AD2910DE4100486F78 /* AppDelegate.swift */ = {isa = PBXFileReference; lastKnownFileType = sourcecode.swift; path = AppDelegate.swift; sourceTree = "<group>"; };
		87C0F0AF2910DE4100486F78 /* SceneDelegate.swift */ = {isa = PBXFileReference; lastKnownFileType = sourcecode.swift; path = SceneDelegate.swift; sourceTree = "<group>"; };
		87C0F0B12910DE4100486F78 /* LoginViewController.swift */ = {isa = PBXFileReference; lastKnownFileType = sourcecode.swift; path = LoginViewController.swift; sourceTree = "<group>"; };
		87C0F0B42910DE4100486F78 /* Base */ = {isa = PBXFileReference; lastKnownFileType = file.storyboard; name = Base; path = Base.lproj/Main.storyboard; sourceTree = "<group>"; };
		87C0F0B62910DE4200486F78 /* Assets.xcassets */ = {isa = PBXFileReference; lastKnownFileType = folder.assetcatalog; path = Assets.xcassets; sourceTree = "<group>"; };
		87C0F0B92910DE4200486F78 /* Base */ = {isa = PBXFileReference; lastKnownFileType = file.storyboard; name = Base; path = Base.lproj/LaunchScreen.storyboard; sourceTree = "<group>"; };
		87C0F0BB2910DE4200486F78 /* Info.plist */ = {isa = PBXFileReference; lastKnownFileType = text.plist.xml; path = Info.plist; sourceTree = "<group>"; };
		A1A2969BFE22449F546944CA /* Pods-iOSRxSwift.release.xcconfig */ = {isa = PBXFileReference; includeInIndex = 1; lastKnownFileType = text.xcconfig; name = "Pods-iOSRxSwift.release.xcconfig"; path = "Target Support Files/Pods-iOSRxSwift/Pods-iOSRxSwift.release.xcconfig"; sourceTree = "<group>"; };
		B8DE8166E3E8C06973A9D031 /* Pods_iOSRxSwift.framework */ = {isa = PBXFileReference; explicitFileType = wrapper.framework; includeInIndex = 0; path = Pods_iOSRxSwift.framework; sourceTree = BUILT_PRODUCTS_DIR; };
		BB5F9B93C08349862067F8C1 /* Pods-iOSRxSwift.debug.xcconfig */ = {isa = PBXFileReference; includeInIndex = 1; lastKnownFileType = text.xcconfig; name = "Pods-iOSRxSwift.debug.xcconfig"; path = "Target Support Files/Pods-iOSRxSwift/Pods-iOSRxSwift.debug.xcconfig"; sourceTree = "<group>"; };
/* End PBXFileReference section */

/* Begin PBXFrameworksBuildPhase section */
		87C0F0A72910DE4100486F78 /* Frameworks */ = {
			isa = PBXFrameworksBuildPhase;
			buildActionMask = 2147483647;
			files = (
				81DF2EE25A49647B7D26FC0E /* Pods_iOSRxSwift.framework in Frameworks */,
			);
			runOnlyForDeploymentPostprocessing = 0;
		};
/* End PBXFrameworksBuildPhase section */

/* Begin PBXGroup section */
		35F4B3E6113193828E4765AE /* Frameworks */ = {
			isa = PBXGroup;
			children = (
				B8DE8166E3E8C06973A9D031 /* Pods_iOSRxSwift.framework */,
			);
			name = Frameworks;
			sourceTree = "<group>";
		};
		83BC7AB3DE074C05A51AA853 /* Pods */ = {
			isa = PBXGroup;
			children = (
				BB5F9B93C08349862067F8C1 /* Pods-iOSRxSwift.debug.xcconfig */,
				A1A2969BFE22449F546944CA /* Pods-iOSRxSwift.release.xcconfig */,
			);
			path = Pods;
			sourceTree = "<group>";
		};
		872899752910F14E00897C06 /* View */ = {
			isa = PBXGroup;
			children = (
				87C0F0B12910DE4100486F78 /* LoginViewController.swift */,
			);
			path = View;
			sourceTree = "<group>";
		};
		872899762910F15B00897C06 /* ViewModel */ = {
			isa = PBXGroup;
			children = (
				872899772910F17400897C06 /* LoginViewModel.swift */,
			);
			path = ViewModel;
			sourceTree = "<group>";
		};
		87C0F0A12910DE4100486F78 = {
			isa = PBXGroup;
			children = (
				87C0F0AC2910DE4100486F78 /* iOSRxSwift */,
				87C0F0AB2910DE4100486F78 /* Products */,
				83BC7AB3DE074C05A51AA853 /* Pods */,
				35F4B3E6113193828E4765AE /* Frameworks */,
			);
			sourceTree = "<group>";
		};
		87C0F0AB2910DE4100486F78 /* Products */ = {
			isa = PBXGroup;
			children = (
				87C0F0AA2910DE4100486F78 /* iOSRxSwift.app */,
			);
			name = Products;
			sourceTree = "<group>";
		};
		87C0F0AC2910DE4100486F78 /* iOSRxSwift */ = {
			isa = PBXGroup;
			children = (
				872899752910F14E00897C06 /* View */,
				872899762910F15B00897C06 /* ViewModel */,
				87C0F0AD2910DE4100486F78 /* AppDelegate.swift */,
				87C0F0AF2910DE4100486F78 /* SceneDelegate.swift */,
				87C0F0B32910DE4100486F78 /* Main.storyboard */,
				87C0F0B62910DE4200486F78 /* Assets.xcassets */,
				87C0F0B82910DE4200486F78 /* LaunchScreen.storyboard */,
				87C0F0BB2910DE4200486F78 /* Info.plist */,
			);
			path = iOSRxSwift;
			sourceTree = "<group>";
		};
/* End PBXGroup section */

/* Begin PBXNativeTarget section */
		87C0F0A92910DE4100486F78 /* iOSRxSwift */ = {
			isa = PBXNativeTarget;
			buildConfigurationList = 87C0F0BE2910DE4200486F78 /* Build configuration list for PBXNativeTarget "iOSRxSwift" */;
			buildPhases = (
				F0FEF5931123B02B983D7A0E /* [CP] Check Pods Manifest.lock */,
				87C0F0A62910DE4100486F78 /* Sources */,
				87C0F0A72910DE4100486F78 /* Frameworks */,
				87C0F0A82910DE4100486F78 /* Resources */,
				55A4487FF6A3D143D7D4FCD6 /* [CP] Embed Pods Frameworks */,
			);
			buildRules = (
			);
			dependencies = (
			);
			name = iOSRxSwift;
			productName = iOSRxSwift;
			productReference = 87C0F0AA2910DE4100486F78 /* iOSRxSwift.app */;
			productType = "com.apple.product-type.application";
		};
/* End PBXNativeTarget section */

/* Begin PBXProject section */
		87C0F0A22910DE4100486F78 /* Project object */ = {
			isa = PBXProject;
			attributes = {
				BuildIndependentTargetsInParallel = 1;
				LastSwiftUpdateCheck = 1330;
				LastUpgradeCheck = 1330;
				TargetAttributes = {
					87C0F0A92910DE4100486F78 = {
						CreatedOnToolsVersion = 13.3;
					};
				};
			};
			buildConfigurationList = 87C0F0A52910DE4100486F78 /* Build configuration list for PBXProject "iOSRxSwift" */;
			compatibilityVersion = "Xcode 13.0";
			developmentRegion = en;
			hasScannedForEncodings = 0;
			knownRegions = (
				en,
				Base,
			);
			mainGroup = 87C0F0A12910DE4100486F78;
			productRefGroup = 87C0F0AB2910DE4100486F78 /* Products */;
			projectDirPath = "";
			projectRoot = "";
			targets = (
				87C0F0A92910DE4100486F78 /* iOSRxSwift */,
			);
		};
/* End PBXProject section */

/* Begin PBXResourcesBuildPhase section */
		87C0F0A82910DE4100486F78 /* Resources */ = {
			isa = PBXResourcesBuildPhase;
			buildActionMask = 2147483647;
			files = (
				87C0F0BA2910DE4200486F78 /* LaunchScreen.storyboard in Resources */,
				87C0F0B72910DE4200486F78 /* Assets.xcassets in Resources */,
				87C0F0B52910DE4100486F78 /* Main.storyboard in Resources */,
			);
			runOnlyForDeploymentPostprocessing = 0;
		};
/* End PBXResourcesBuildPhase section */

/* Begin PBXShellScriptBuildPhase section */
		55A4487FF6A3D143D7D4FCD6 /* [CP] Embed Pods Frameworks */ = {
			isa = PBXShellScriptBuildPhase;
			buildActionMask = 2147483647;
			files = (
			);
			inputFileListPaths = (
				"${PODS_ROOT}/Target Support Files/Pods-iOSRxSwift/Pods-iOSRxSwift-frameworks-${CONFIGURATION}-input-files.xcfilelist",
			);
			name = "[CP] Embed Pods Frameworks";
			outputFileListPaths = (
				"${PODS_ROOT}/Target Support Files/Pods-iOSRxSwift/Pods-iOSRxSwift-frameworks-${CONFIGURATION}-output-files.xcfilelist",
			);
			runOnlyForDeploymentPostprocessing = 0;
			shellPath = /bin/sh;
			shellScript = "\"${PODS_ROOT}/Target Support Files/Pods-iOSRxSwift/Pods-iOSRxSwift-frameworks.sh\"\n";
			showEnvVarsInLog = 0;
		};
		F0FEF5931123B02B983D7A0E /* [CP] Check Pods Manifest.lock */ = {
			isa = PBXShellScriptBuildPhase;
			buildActionMask = 2147483647;
			files = (
			);
			inputFileListPaths = (
			);
			inputPaths = (
				"${PODS_PODFILE_DIR_PATH}/Podfile.lock",
				"${PODS_ROOT}/Manifest.lock",
			);
			name = "[CP] Check Pods Manifest.lock";
			outputFileListPaths = (
			);
			outputPaths = (
				"$(DERIVED_FILE_DIR)/Pods-iOSRxSwift-checkManifestLockResult.txt",
			);
			runOnlyForDeploymentPostprocessing = 0;
			shellPath = /bin/sh;
			shellScript = "diff \"${PODS_PODFILE_DIR_PATH}/Podfile.lock\" \"${PODS_ROOT}/Manifest.lock\" > /dev/null\nif [ $? != 0 ] ; then\n    # print error to STDERR\n    echo \"error: The sandbox is not in sync with the Podfile.lock. Run 'pod install' or update your CocoaPods installation.\" >&2\n    exit 1\nfi\n# This output is used by Xcode 'outputs' to avoid re-running this script phase.\necho \"SUCCESS\" > \"${SCRIPT_OUTPUT_FILE_0}\"\n";
			showEnvVarsInLog = 0;
		};
/* End PBXShellScriptBuildPhase section */

/* Begin PBXSourcesBuildPhase section */
		87C0F0A62910DE4100486F78 /* Sources */ = {
			isa = PBXSourcesBuildPhase;
			buildActionMask = 2147483647;
			files = (
				872899782910F17400897C06 /* LoginViewModel.swift in Sources */,
				87C0F0B22910DE4100486F78 /* LoginViewController.swift in Sources */,
				87C0F0AE2910DE4100486F78 /* AppDelegate.swift in Sources */,
				87C0F0B02910DE4100486F78 /* SceneDelegate.swift in Sources */,
			);
			runOnlyForDeploymentPostprocessing = 0;
		};
/* End PBXSourcesBuildPhase section */

/* Begin PBXVariantGroup section */
		87C0F0B32910DE4100486F78 /* Main.storyboard */ = {
			isa = PBXVariantGroup;
			children = (
				87C0F0B42910DE4100486F78 /* Base */,
			);
			name = Main.storyboard;
			sourceTree = "<group>";
		};
		87C0F0B82910DE4200486F78 /* LaunchScreen.storyboard */ = {
			isa = PBXVariantGroup;
			children = (
				87C0F0B92910DE4200486F78 /* Base */,
			);
			name = LaunchScreen.storyboard;
			sourceTree = "<group>";
		};
/* End PBXVariantGroup section */

/* Begin XCBuildConfiguration section */
		87C0F0BC2910DE4200486F78 /* Debug */ = {
			isa = XCBuildConfiguration;
			buildSettings = {
				ALWAYS_SEARCH_USER_PATHS = NO;
				CLANG_ANALYZER_NONNULL = YES;
				CLANG_ANALYZER_NUMBER_OBJECT_CONVERSION = YES_AGGRESSIVE;
				CLANG_CXX_LANGUAGE_STANDARD = "gnu++17";
				CLANG_ENABLE_MODULES = YES;
				CLANG_ENABLE_OBJC_ARC = YES;
				CLANG_ENABLE_OBJC_WEAK = YES;
				CLANG_WARN_BLOCK_CAPTURE_AUTORELEASING = YES;
				CLANG_WARN_BOOL_CONVERSION = YES;
				CLANG_WARN_COMMA = YES;
				CLANG_WARN_CONSTANT_CONVERSION = YES;
				CLANG_WARN_DEPRECATED_OBJC_IMPLEMENTATIONS = YES;
				CLANG_WARN_DIRECT_OBJC_ISA_USAGE = YES_ERROR;
				CLANG_WARN_DOCUMENTATION_COMMENTS = YES;
				CLANG_WARN_EMPTY_BODY = YES;
				CLANG_WARN_ENUM_CONVERSION = YES;
				CLANG_WARN_INFINITE_RECURSION = YES;
				CLANG_WARN_INT_CONVERSION = YES;
				CLANG_WARN_NON_LITERAL_NULL_CONVERSION = YES;
				CLANG_WARN_OBJC_IMPLICIT_RETAIN_SELF = YES;
				CLANG_WARN_OBJC_LITERAL_CONVERSION = YES;
				CLANG_WARN_OBJC_ROOT_CLASS = YES_ERROR;
				CLANG_WARN_QUOTED_INCLUDE_IN_FRAMEWORK_HEADER = YES;
				CLANG_WARN_RANGE_LOOP_ANALYSIS = YES;
				CLANG_WARN_STRICT_PROTOTYPES = YES;
				CLANG_WARN_SUSPICIOUS_MOVE = YES;
				CLANG_WARN_UNGUARDED_AVAILABILITY = YES_AGGRESSIVE;
				CLANG_WARN_UNREACHABLE_CODE = YES;
				CLANG_WARN__DUPLICATE_METHOD_MATCH = YES;
				COPY_PHASE_STRIP = NO;
				DEBUG_INFORMATION_FORMAT = dwarf;
				ENABLE_STRICT_OBJC_MSGSEND = YES;
				ENABLE_TESTABILITY = YES;
				GCC_C_LANGUAGE_STANDARD = gnu11;
				GCC_DYNAMIC_NO_PIC = NO;
				GCC_NO_COMMON_BLOCKS = YES;
				GCC_OPTIMIZATION_LEVEL = 0;
				GCC_PREPROCESSOR_DEFINITIONS = (
					"DEBUG=1",
					"$(inherited)",
				);
				GCC_WARN_64_TO_32_BIT_CONVERSION = YES;
				GCC_WARN_ABOUT_RETURN_TYPE = YES_ERROR;
				GCC_WARN_UNDECLARED_SELECTOR = YES;
				GCC_WARN_UNINITIALIZED_AUTOS = YES_AGGRESSIVE;
				GCC_WARN_UNUSED_FUNCTION = YES;
				GCC_WARN_UNUSED_VARIABLE = YES;
				IPHONEOS_DEPLOYMENT_TARGET = 15.4;
				MTL_ENABLE_DEBUG_INFO = INCLUDE_SOURCE;
				MTL_FAST_MATH = YES;
				ONLY_ACTIVE_ARCH = YES;
				SDKROOT = iphoneos;
				SWIFT_ACTIVE_COMPILATION_CONDITIONS = DEBUG;
				SWIFT_OPTIMIZATION_LEVEL = "-Onone";
			};
			name = Debug;
		};
		87C0F0BD2910DE4200486F78 /* Release */ = {
			isa = XCBuildConfiguration;
			buildSettings = {
				ALWAYS_SEARCH_USER_PATHS = NO;
				CLANG_ANALYZER_NONNULL = YES;
				CLANG_ANALYZER_NUMBER_OBJECT_CONVERSION = YES_AGGRESSIVE;
				CLANG_CXX_LANGUAGE_STANDARD = "gnu++17";
				CLANG_ENABLE_MODULES = YES;
				CLANG_ENABLE_OBJC_ARC = YES;
				CLANG_ENABLE_OBJC_WEAK = YES;
				CLANG_WARN_BLOCK_CAPTURE_AUTORELEASING = YES;
				CLANG_WARN_BOOL_CONVERSION = YES;
				CLANG_WARN_COMMA = YES;
				CLANG_WARN_CONSTANT_CONVERSION = YES;
				CLANG_WARN_DEPRECATED_OBJC_IMPLEMENTATIONS = YES;
				CLANG_WARN_DIRECT_OBJC_ISA_USAGE = YES_ERROR;
				CLANG_WARN_DOCUMENTATION_COMMENTS = YES;
				CLANG_WARN_EMPTY_BODY = YES;
				CLANG_WARN_ENUM_CONVERSION = YES;
				CLANG_WARN_INFINITE_RECURSION = YES;
				CLANG_WARN_INT_CONVERSION = YES;
				CLANG_WARN_NON_LITERAL_NULL_CONVERSION = YES;
				CLANG_WARN_OBJC_IMPLICIT_RETAIN_SELF = YES;
				CLANG_WARN_OBJC_LITERAL_CONVERSION = YES;
				CLANG_WARN_OBJC_ROOT_CLASS = YES_ERROR;
				CLANG_WARN_QUOTED_INCLUDE_IN_FRAMEWORK_HEADER = YES;
				CLANG_WARN_RANGE_LOOP_ANALYSIS = YES;
				CLANG_WARN_STRICT_PROTOTYPES = YES;
				CLANG_WARN_SUSPICIOUS_MOVE = YES;
				CLANG_WARN_UNGUARDED_AVAILABILITY = YES_AGGRESSIVE;
				CLANG_WARN_UNREACHABLE_CODE = YES;
				CLANG_WARN__DUPLICATE_METHOD_MATCH = YES;
				COPY_PHASE_STRIP = NO;
				DEBUG_INFORMATION_FORMAT = "dwarf-with-dsym";
				ENABLE_NS_ASSERTIONS = NO;
				ENABLE_STRICT_OBJC_MSGSEND = YES;
				GCC_C_LANGUAGE_STANDARD = gnu11;
				GCC_NO_COMMON_BLOCKS = YES;
				GCC_WARN_64_TO_32_BIT_CONVERSION = YES;
				GCC_WARN_ABOUT_RETURN_TYPE = YES_ERROR;
				GCC_WARN_UNDECLARED_SELECTOR = YES;
				GCC_WARN_UNINITIALIZED_AUTOS = YES_AGGRESSIVE;
				GCC_WARN_UNUSED_FUNCTION = YES;
				GCC_WARN_UNUSED_VARIABLE = YES;
				IPHONEOS_DEPLOYMENT_TARGET = 15.4;
				MTL_ENABLE_DEBUG_INFO = NO;
				MTL_FAST_MATH = YES;
				SDKROOT = iphoneos;
				SWIFT_COMPILATION_MODE = wholemodule;
				SWIFT_OPTIMIZATION_LEVEL = "-O";
				VALIDATE_PRODUCT = YES;
			};
			name = Release;
		};
		87C0F0BF2910DE4200486F78 /* Debug */ = {
			isa = XCBuildConfiguration;
			baseConfigurationReference = BB5F9B93C08349862067F8C1 /* Pods-iOSRxSwift.debug.xcconfig */;
			buildSettings = {
				ASSETCATALOG_COMPILER_APPICON_NAME = AppIcon;
				ASSETCATALOG_COMPILER_GLOBAL_ACCENT_COLOR_NAME = AccentColor;
				CODE_SIGN_STYLE = Automatic;
				CURRENT_PROJECT_VERSION = 1;
				DEVELOPMENT_TEAM = Y9H897VKWQ;
				GENERATE_INFOPLIST_FILE = YES;
				INFOPLIST_FILE = iOSRxSwift/Info.plist;
				INFOPLIST_KEY_UIApplicationSupportsIndirectInputEvents = YES;
				INFOPLIST_KEY_UILaunchStoryboardName = LaunchScreen;
				INFOPLIST_KEY_UIMainStoryboardFile = Main;
				INFOPLIST_KEY_UISupportedInterfaceOrientations_iPad = "UIInterfaceOrientationPortrait UIInterfaceOrientationPortraitUpsideDown UIInterfaceOrientationLandscapeLeft UIInterfaceOrientationLandscapeRight";
				INFOPLIST_KEY_UISupportedInterfaceOrientations_iPhone = "UIInterfaceOrientationPortrait UIInterfaceOrientationLandscapeLeft UIInterfaceOrientationLandscapeRight";
				LD_RUNPATH_SEARCH_PATHS = (
					"$(inherited)",
					"@executable_path/Frameworks",
				);
				MARKETING_VERSION = 1.0;
				PRODUCT_BUNDLE_IDENTIFIER = "co-nuntapath.iOSRxSwift";
				PRODUCT_NAME = "$(TARGET_NAME)";
				SWIFT_EMIT_LOC_STRINGS = YES;
				SWIFT_VERSION = 5.0;
				TARGETED_DEVICE_FAMILY = "1,2";
			};
			name = Debug;
		};
		87C0F0C02910DE4200486F78 /* Release */ = {
			isa = XCBuildConfiguration;
			baseConfigurationReference = A1A2969BFE22449F546944CA /* Pods-iOSRxSwift.release.xcconfig */;
			buildSettings = {
				ASSETCATALOG_COMPILER_APPICON_NAME = AppIcon;
				ASSETCATALOG_COMPILER_GLOBAL_ACCENT_COLOR_NAME = AccentColor;
				CODE_SIGN_STYLE = Automatic;
				CURRENT_PROJECT_VERSION = 1;
				DEVELOPMENT_TEAM = Y9H897VKWQ;
				GENERATE_INFOPLIST_FILE = YES;
				INFOPLIST_FILE = iOSRxSwift/Info.plist;
				INFOPLIST_KEY_UIApplicationSupportsIndirectInputEvents = YES;
				INFOPLIST_KEY_UILaunchStoryboardName = LaunchScreen;
				INFOPLIST_KEY_UIMainStoryboardFile = Main;
				INFOPLIST_KEY_UISupportedInterfaceOrientations_iPad = "UIInterfaceOrientationPortrait UIInterfaceOrientationPortraitUpsideDown UIInterfaceOrientationLandscapeLeft UIInterfaceOrientationLandscapeRight";
				INFOPLIST_KEY_UISupportedInterfaceOrientations_iPhone = "UIInterfaceOrientationPortrait UIInterfaceOrientationLandscapeLeft UIInterfaceOrientationLandscapeRight";
				LD_RUNPATH_SEARCH_PATHS = (
					"$(inherited)",
					"@executable_path/Frameworks",
				);
				MARKETING_VERSION = 1.0;
				PRODUCT_BUNDLE_IDENTIFIER = "co-nuntapath.iOSRxSwift";
				PRODUCT_NAME = "$(TARGET_NAME)";
				SWIFT_EMIT_LOC_STRINGS = YES;
				SWIFT_VERSION = 5.0;
				TARGETED_DEVICE_FAMILY = "1,2";
			};
			name = Release;
		};
/* End XCBuildConfiguration section */

/* Begin XCConfigurationList section */
		87C0F0A52910DE4100486F78 /* Build configuration list for PBXProject "iOSRxSwift" */ = {
			isa = XCConfigurationList;
			buildConfigurations = (
				87C0F0BC2910DE4200486F78 /* Debug */,
				87C0F0BD2910DE4200486F78 /* Release */,
			);
			defaultConfigurationIsVisible = 0;
			defaultConfigurationName = Release;
		};
		87C0F0BE2910DE4200486F78 /* Build configuration list for PBXNativeTarget "iOSRxSwift" */ = {
			isa = XCConfigurationList;
			buildConfigurations = (
				87C0F0BF2910DE4200486F78 /* Debug */,
				87C0F0C02910DE4200486F78 /* Release */,
			);
			defaultConfigurationIsVisible = 0;
			defaultConfigurationName = Release;
		};
/* End XCConfigurationList section */
	};
	rootObject = 87C0F0A22910DE4100486F78 /* Project object */;
}
